schema: '2.0'
stages:
  download:
    cmd: uv run python trainer.py --config-name config stage=download
    deps:
    - path: src/training/data/download_data.py
      hash: md5
      md5: 4e29521bcfeb2f380f590190357af642
      size: 1034
    params:
      params.yaml:
        data.competition_name: titanic
        data.overwrite: true
        data.raw_dir: data/raw
    outs:
    - path: data/raw/train.csv
      hash: md5
      md5: 2309cc5f04782ed9bb6016d9f4e381cf
      size: 61194
  train:
    cmd: uv run python trainer.py --config-name config stage=train
    deps:
    - path: data/raw/train.csv
      hash: md5
      md5: 2309cc5f04782ed9bb6016d9f4e381cf
      size: 61194
    - path: src/training/evaluate.py
      hash: md5
      md5: 141b0928d942e7647298873b64a5b607
      size: 1188
    - path: src/training/features/preprocess.py
      hash: md5
      md5: 549d31e6501c2967733434901009e658
      size: 1371
    - path: src/training/features/transformers.py
      hash: md5
      md5: 5cad1b80afdf7638d9b7ab019873226f
      size: 1818
    - path: src/training/pipeline.py
      hash: md5
      md5: 24dcd7521fc5f072cfdbcabf617c913d
      size: 266
    - path: src/training/train.py
      hash: md5
      md5: 2c912d8826ab713eb128a57e53eee9e9
      size: 1277
    params:
      params.yaml:
        model.name: random_forest
        model.params:
          logistic:
            C: 1.0
            max_iter: 1000
            random_state: 42
          random_forest:
            n_estimators: 200
            max_depth: 8
            random_state: 42
        training.random_state: 42
        training.test_size: 0.2
    outs:
    - path: data/processed/
      hash: md5
      md5: e60fbfc3b6f9ef102c72bee5b4f4efd0.dir
      size: 63868
      nfiles: 5
    - path: models/
      hash: md5
      md5: eec8b05b65f8ff6e8e859bccc4526668.dir
      size: 2220789
      nfiles: 2
    - path: reports/metrics.json
      hash: md5
      md5: e8fafe36856a6caa70de33a670c07cda
      size: 175
