schema: '2.0'
stages:
  download:
    cmd: uv run python trainer.py --config-name config stage=download
    deps:
    - path: src/training/data/download_data.py
      hash: md5
      md5: 4e29521bcfeb2f380f590190357af642
      size: 1034
    params:
      params.yaml:
        data.competition_name: titanic
        data.overwrite: true
        data.raw_dir: data/raw
    outs:
    - path: data/raw/train.csv
      hash: md5
      md5: 2309cc5f04782ed9bb6016d9f4e381cf
      size: 61194
  train:
    cmd: uv run python trainer.py --config-name config stage=train
    deps:
    - path: data/raw/train.csv
      hash: md5
      md5: 2309cc5f04782ed9bb6016d9f4e381cf
      size: 61194
    - path: src/training/evaluate.py
      hash: md5
      md5: 141b0928d942e7647298873b64a5b607
      size: 1188
    - path: src/training/features/preprocess.py
      hash: md5
      md5: 549d31e6501c2967733434901009e658
      size: 1371
    - path: src/training/features/transformers.py
      hash: md5
      md5: 5cad1b80afdf7638d9b7ab019873226f
      size: 1818
    - path: src/training/pipeline.py
      hash: md5
      md5: 24dcd7521fc5f072cfdbcabf617c913d
      size: 266
    - path: src/training/train.py
      hash: md5
      md5: aa13f4757aeef9c19c38b08d466713b1
      size: 1258
    params:
      params.yaml:
        model.C: 1.0
        model.max_depth: 8
        model.max_iter: 1000
        model.n_estimators: 200
        model.name: random_forest
        training.random_state: 42
        training.test_size: 0.2
    outs:
    - path: data/processed/
      hash: md5
      md5: e60fbfc3b6f9ef102c72bee5b4f4efd0.dir
      size: 63868
      nfiles: 5
    - path: models/
      hash: md5
      md5: 83d36f66077cc27ac6bb099b01a3dd23.dir
      size: 2215355
      nfiles: 1
    - path: reports/metrics.json
      hash: md5
      md5: e622227a4e834a535902183b2619e556
      size: 175
